// !$*UTF8*$!
{
	archiveVersion = 1;
	classes = {
	};
	objectVersion = 48;
	objects = {

/* Begin PBXBuildFile section */
		0BC3E8F056F7BAA3EEA8A719 /* Pods_FlightDataRecorderUITests.framework in Frameworks */ = {isa = PBXBuildFile; fileRef = 6BF7BAB23D6983C6CC4D3BDD /* Pods_FlightDataRecorderUITests.framework */; };
		3A22CADA1FA8DBD200E27985 /* FlightDataArray.swift in Sources */ = {isa = PBXBuildFile; fileRef = 3A22CAD91FA8DBD200E27985 /* FlightDataArray.swift */; };
		3A308DE21F795DFC00665F71 /* AppDelegate.swift in Sources */ = {isa = PBXBuildFile; fileRef = 3A308DE11F795DFC00665F71 /* AppDelegate.swift */; };
		3A308DE41F795DFC00665F71 /* StartView.swift in Sources */ = {isa = PBXBuildFile; fileRef = 3A308DE31F795DFC00665F71 /* StartView.swift */; };
		3A308DE71F795DFC00665F71 /* Main.storyboard in Resources */ = {isa = PBXBuildFile; fileRef = 3A308DE51F795DFC00665F71 /* Main.storyboard */; settings = {ASSET_TAGS = (1, ); }; };
		3A308DEA1F795DFC00665F71 /* FlightDataRecorder.xcdatamodeld in Sources */ = {isa = PBXBuildFile; fileRef = 3A308DE81F795DFC00665F71 /* FlightDataRecorder.xcdatamodeld */; };
		3A308DEF1F795DFC00665F71 /* LaunchScreen.storyboard in Resources */ = {isa = PBXBuildFile; fileRef = 3A308DED1F795DFC00665F71 /* LaunchScreen.storyboard */; };
		3A308DFA1F795DFD00665F71 /* FlightDataRecorderTests.swift in Sources */ = {isa = PBXBuildFile; fileRef = 3A308DF91F795DFD00665F71 /* FlightDataRecorderTests.swift */; };
		3A308E051F795DFD00665F71 /* FlightDataRecorderUITests.swift in Sources */ = {isa = PBXBuildFile; fileRef = 3A308E041F795DFD00665F71 /* FlightDataRecorderUITests.swift */; };
		3A308E131F795ECB00665F71 /* FlightDataTable.swift in Sources */ = {isa = PBXBuildFile; fileRef = 3A308E121F795ECB00665F71 /* FlightDataTable.swift */; };
		3A4A16811F7ABD480002DBB4 /* FlightDetailView.swift in Sources */ = {isa = PBXBuildFile; fileRef = 3A4A16801F7ABD480002DBB4 /* FlightDetailView.swift */; };
		3A4C40C71F966B5600CF03A8 /* KeyboardLayoutConstrain.swift in Sources */ = {isa = PBXBuildFile; fileRef = 3A4C40C61F966B5600CF03A8 /* KeyboardLayoutConstrain.swift */; };
		3A5DAC931F966FF1008309A5 /* AddNewFlight.swift in Sources */ = {isa = PBXBuildFile; fileRef = 3A5DAC921F966FF1008309A5 /* AddNewFlight.swift */; };
		3AFBD0341F7ACADB009D34E8 /* Images.xcassets in Resources */ = {isa = PBXBuildFile; fileRef = 3AFBD0331F7ACADB009D34E8 /* Images.xcassets */; };
		75ADEF829F1DF2AF9E2C092A /* Pods_FlightDataRecorder.framework in Frameworks */ = {isa = PBXBuildFile; fileRef = 569096CD1FA5E5A1F3AB3F2B /* Pods_FlightDataRecorder.framework */; };
		AE20B4D5767FCE94E6ED8266 /* Pods_FlightDataRecorderTests.framework in Frameworks */ = {isa = PBXBuildFile; fileRef = 225553F0A644DEB31AEA48EC /* Pods_FlightDataRecorderTests.framework */; };
/* End PBXBuildFile section */

/* Begin PBXContainerItemProxy section */
		3A308DF61F795DFD00665F71 /* PBXContainerItemProxy */ = {
			isa = PBXContainerItemProxy;
			containerPortal = 3A308DD61F795DFC00665F71 /* Project object */;
			proxyType = 1;
			remoteGlobalIDString = 3A308DDD1F795DFC00665F71;
			remoteInfo = FlightDataRecorder;
		};
		3A308E011F795DFD00665F71 /* PBXContainerItemProxy */ = {
			isa = PBXContainerItemProxy;
			containerPortal = 3A308DD61F795DFC00665F71 /* Project object */;
			proxyType = 1;
			remoteGlobalIDString = 3A308DDD1F795DFC00665F71;
			remoteInfo = FlightDataRecorder;
		};
/* End PBXContainerItemProxy section */

/* Begin PBXFileReference section */
		225553F0A644DEB31AEA48EC /* Pods_FlightDataRecorderTests.framework */ = {isa = PBXFileReference; explicitFileType = wrapper.framework; includeInIndex = 0; path = Pods_FlightDataRecorderTests.framework; sourceTree = BUILT_PRODUCTS_DIR; };
		3A22CAD91FA8DBD200E27985 /* FlightDataArray.swift */ = {isa = PBXFileReference; lastKnownFileType = sourcecode.swift; path = FlightDataArray.swift; sourceTree = "<group>"; };
		3A308DDE1F795DFC00665F71 /* FlightDataRecorder.app */ = {isa = PBXFileReference; explicitFileType = wrapper.application; includeInIndex = 0; path = FlightDataRecorder.app; sourceTree = BUILT_PRODUCTS_DIR; };
		3A308DE11F795DFC00665F71 /* AppDelegate.swift */ = {isa = PBXFileReference; lastKnownFileType = sourcecode.swift; path = AppDelegate.swift; sourceTree = "<group>"; };
		3A308DE31F795DFC00665F71 /* StartView.swift */ = {isa = PBXFileReference; lastKnownFileType = sourcecode.swift; path = StartView.swift; sourceTree = "<group>"; };
		3A308DE61F795DFC00665F71 /* Base */ = {isa = PBXFileReference; lastKnownFileType = file.storyboard; name = Base; path = Base.lproj/Main.storyboard; sourceTree = "<group>"; };
		3A308DE91F795DFC00665F71 /* FlightDataRecorder.xcdatamodel */ = {isa = PBXFileReference; lastKnownFileType = wrapper.xcdatamodel; path = FlightDataRecorder.xcdatamodel; sourceTree = "<group>"; };
		3A308DEE1F795DFC00665F71 /* Base */ = {isa = PBXFileReference; lastKnownFileType = file.storyboard; name = Base; path = Base.lproj/LaunchScreen.storyboard; sourceTree = "<group>"; };
		3A308DF01F795DFC00665F71 /* Info.plist */ = {isa = PBXFileReference; lastKnownFileType = text.plist.xml; path = Info.plist; sourceTree = "<group>"; };
		3A308DF51F795DFD00665F71 /* FlightDataRecorderTests.xctest */ = {isa = PBXFileReference; explicitFileType = wrapper.cfbundle; includeInIndex = 0; path = FlightDataRecorderTests.xctest; sourceTree = BUILT_PRODUCTS_DIR; };
		3A308DF91F795DFD00665F71 /* FlightDataRecorderTests.swift */ = {isa = PBXFileReference; lastKnownFileType = sourcecode.swift; path = FlightDataRecorderTests.swift; sourceTree = "<group>"; };
		3A308DFB1F795DFD00665F71 /* Info.plist */ = {isa = PBXFileReference; lastKnownFileType = text.plist.xml; path = Info.plist; sourceTree = "<group>"; };
		3A308E001F795DFD00665F71 /* FlightDataRecorderUITests.xctest */ = {isa = PBXFileReference; explicitFileType = wrapper.cfbundle; includeInIndex = 0; path = FlightDataRecorderUITests.xctest; sourceTree = BUILT_PRODUCTS_DIR; };
		3A308E041F795DFD00665F71 /* FlightDataRecorderUITests.swift */ = {isa = PBXFileReference; lastKnownFileType = sourcecode.swift; path = FlightDataRecorderUITests.swift; sourceTree = "<group>"; };
		3A308E061F795DFD00665F71 /* Info.plist */ = {isa = PBXFileReference; lastKnownFileType = text.plist.xml; path = Info.plist; sourceTree = "<group>"; };
		3A308E121F795ECB00665F71 /* FlightDataTable.swift */ = {isa = PBXFileReference; lastKnownFileType = sourcecode.swift; path = FlightDataTable.swift; sourceTree = "<group>"; };
		3A4A16801F7ABD480002DBB4 /* FlightDetailView.swift */ = {isa = PBXFileReference; lastKnownFileType = sourcecode.swift; name = FlightDetailView.swift; path = FlightDataRecorder/FlightDetailView.swift; sourceTree = SOURCE_ROOT; };
		3A4C40C61F966B5600CF03A8 /* KeyboardLayoutConstrain.swift */ = {isa = PBXFileReference; lastKnownFileType = sourcecode.swift; path = KeyboardLayoutConstrain.swift; sourceTree = "<group>"; };
		3A5DAC921F966FF1008309A5 /* AddNewFlight.swift */ = {isa = PBXFileReference; lastKnownFileType = sourcecode.swift; name = AddNewFlight.swift; path = FlightDataRecorder/AddNewFlight.swift; sourceTree = SOURCE_ROOT; };
		3AFBD0331F7ACADB009D34E8 /* Images.xcassets */ = {isa = PBXFileReference; lastKnownFileType = folder.assetcatalog; path = Images.xcassets; sourceTree = "<group>"; };
		3D6A83E2D37CFC838CB6C83C /* Pods-FlightDataRecorder.debug.xcconfig */ = {isa = PBXFileReference; includeInIndex = 1; lastKnownFileType = text.xcconfig; name = "Pods-FlightDataRecorder.debug.xcconfig"; path = "Pods/Target Support Files/Pods-FlightDataRecorder/Pods-FlightDataRecorder.debug.xcconfig"; sourceTree = "<group>"; };
		495463C38535FCC810C520FD /* Pods-FlightDataRecorderUITests.release.xcconfig */ = {isa = PBXFileReference; includeInIndex = 1; lastKnownFileType = text.xcconfig; name = "Pods-FlightDataRecorderUITests.release.xcconfig"; path = "Pods/Target Support Files/Pods-FlightDataRecorderUITests/Pods-FlightDataRecorderUITests.release.xcconfig"; sourceTree = "<group>"; };
		569096CD1FA5E5A1F3AB3F2B /* Pods_FlightDataRecorder.framework */ = {isa = PBXFileReference; explicitFileType = wrapper.framework; includeInIndex = 0; path = Pods_FlightDataRecorder.framework; sourceTree = BUILT_PRODUCTS_DIR; };
		6BF7BAB23D6983C6CC4D3BDD /* Pods_FlightDataRecorderUITests.framework */ = {isa = PBXFileReference; explicitFileType = wrapper.framework; includeInIndex = 0; path = Pods_FlightDataRecorderUITests.framework; sourceTree = BUILT_PRODUCTS_DIR; };
		85DF6E1A3A0D8FB74F983705 /* Pods-FlightDataRecorderUITests.debug.xcconfig */ = {isa = PBXFileReference; includeInIndex = 1; lastKnownFileType = text.xcconfig; name = "Pods-FlightDataRecorderUITests.debug.xcconfig"; path = "Pods/Target Support Files/Pods-FlightDataRecorderUITests/Pods-FlightDataRecorderUITests.debug.xcconfig"; sourceTree = "<group>"; };
		C0221B7F778E0CEE8FCD63C3 /* Pods-FlightDataRecorder.release.xcconfig */ = {isa = PBXFileReference; includeInIndex = 1; lastKnownFileType = text.xcconfig; name = "Pods-FlightDataRecorder.release.xcconfig"; path = "Pods/Target Support Files/Pods-FlightDataRecorder/Pods-FlightDataRecorder.release.xcconfig"; sourceTree = "<group>"; };
		CA8E88AD730D83A4FAEFFFA2 /* Pods-FlightDataRecorderTests.debug.xcconfig */ = {isa = PBXFileReference; includeInIndex = 1; lastKnownFileType = text.xcconfig; name = "Pods-FlightDataRecorderTests.debug.xcconfig"; path = "Pods/Target Support Files/Pods-FlightDataRecorderTests/Pods-FlightDataRecorderTests.debug.xcconfig"; sourceTree = "<group>"; };
		CD8D3951298EC2179B7F4F12 /* Pods-FlightDataRecorderTests.release.xcconfig */ = {isa = PBXFileReference; includeInIndex = 1; lastKnownFileType = text.xcconfig; name = "Pods-FlightDataRecorderTests.release.xcconfig"; path = "Pods/Target Support Files/Pods-FlightDataRecorderTests/Pods-FlightDataRecorderTests.release.xcconfig"; sourceTree = "<group>"; };
/* End PBXFileReference section */

/* Begin PBXFrameworksBuildPhase section */
		3A308DDB1F795DFC00665F71 /* Frameworks */ = {
			isa = PBXFrameworksBuildPhase;
			buildActionMask = 2147483647;
			files = (
				75ADEF829F1DF2AF9E2C092A /* Pods_FlightDataRecorder.framework in Frameworks */,
			);
			runOnlyForDeploymentPostprocessing = 0;
		};
		3A308DF21F795DFD00665F71 /* Frameworks */ = {
			isa = PBXFrameworksBuildPhase;
			buildActionMask = 2147483647;
			files = (
				AE20B4D5767FCE94E6ED8266 /* Pods_FlightDataRecorderTests.framework in Frameworks */,
			);
			runOnlyForDeploymentPostprocessing = 0;
		};
		3A308DFD1F795DFD00665F71 /* Frameworks */ = {
			isa = PBXFrameworksBuildPhase;
			buildActionMask = 2147483647;
			files = (
				0BC3E8F056F7BAA3EEA8A719 /* Pods_FlightDataRecorderUITests.framework in Frameworks */,
			);
			runOnlyForDeploymentPostprocessing = 0;
		};
/* End PBXFrameworksBuildPhase section */

/* Begin PBXGroup section */
		3A308DD51F795DFC00665F71 = {
			isa = PBXGroup;
			children = (
				3A308DE01F795DFC00665F71 /* FlightDataRecorder */,
				3A308DF81F795DFD00665F71 /* FlightDataRecorderTests */,
				3A308E031F795DFD00665F71 /* FlightDataRecorderUITests */,
				3A308DDF1F795DFC00665F71 /* Products */,
				48B8FD247FF374A9C9F3AD83 /* Pods */,
				5F8FF4D3A8451944F147DC18 /* Frameworks */,
			);
			sourceTree = "<group>";
		};
		3A308DDF1F795DFC00665F71 /* Products */ = {
			isa = PBXGroup;
			children = (
				3A308DDE1F795DFC00665F71 /* FlightDataRecorder.app */,
				3A308DF51F795DFD00665F71 /* FlightDataRecorderTests.xctest */,
				3A308E001F795DFD00665F71 /* FlightDataRecorderUITests.xctest */,
			);
			name = Products;
			sourceTree = "<group>";
		};
		3A308DE01F795DFC00665F71 /* FlightDataRecorder */ = {
			isa = PBXGroup;
			children = (
				3A308DE11F795DFC00665F71 /* AppDelegate.swift */,
				3A308DE31F795DFC00665F71 /* StartView.swift */,
				3A308E121F795ECB00665F71 /* FlightDataTable.swift */,
				3A22CAD91FA8DBD200E27985 /* FlightDataArray.swift */,
				3A4A16801F7ABD480002DBB4 /* FlightDetailView.swift */,
				3A5DAC921F966FF1008309A5 /* AddNewFlight.swift */,
				3A4C40C61F966B5600CF03A8 /* KeyboardLayoutConstrain.swift */,
				3A4A167F1F7976990002DBB4 /* Views */,
				3A308DF01F795DFC00665F71 /* Info.plist */,
				3A308DE81F795DFC00665F71 /* FlightDataRecorder.xcdatamodeld */,
				3AFBD0331F7ACADB009D34E8 /* Images.xcassets */,
			);
			path = FlightDataRecorder;
			sourceTree = "<group>";
		};
		3A308DF81F795DFD00665F71 /* FlightDataRecorderTests */ = {
			isa = PBXGroup;
			children = (
				3A308DF91F795DFD00665F71 /* FlightDataRecorderTests.swift */,
				3A308DFB1F795DFD00665F71 /* Info.plist */,
			);
			path = FlightDataRecorderTests;
			sourceTree = "<group>";
		};
		3A308E031F795DFD00665F71 /* FlightDataRecorderUITests */ = {
			isa = PBXGroup;
			children = (
				3A308E041F795DFD00665F71 /* FlightDataRecorderUITests.swift */,
				3A308E061F795DFD00665F71 /* Info.plist */,
			);
			path = FlightDataRecorderUITests;
			sourceTree = "<group>";
		};
		3A4A167F1F7976990002DBB4 /* Views */ = {
			isa = PBXGroup;
			children = (
				3A308DE51F795DFC00665F71 /* Main.storyboard */,
				3A308DED1F795DFC00665F71 /* LaunchScreen.storyboard */,
			);
			path = Views;
			sourceTree = "<group>";
		};
		48B8FD247FF374A9C9F3AD83 /* Pods */ = {
			isa = PBXGroup;
			children = (
				3D6A83E2D37CFC838CB6C83C /* Pods-FlightDataRecorder.debug.xcconfig */,
				C0221B7F778E0CEE8FCD63C3 /* Pods-FlightDataRecorder.release.xcconfig */,
				CA8E88AD730D83A4FAEFFFA2 /* Pods-FlightDataRecorderTests.debug.xcconfig */,
				CD8D3951298EC2179B7F4F12 /* Pods-FlightDataRecorderTests.release.xcconfig */,
				85DF6E1A3A0D8FB74F983705 /* Pods-FlightDataRecorderUITests.debug.xcconfig */,
				495463C38535FCC810C520FD /* Pods-FlightDataRecorderUITests.release.xcconfig */,
			);
			name = Pods;
			sourceTree = "<group>";
		};
		5F8FF4D3A8451944F147DC18 /* Frameworks */ = {
			isa = PBXGroup;
			children = (
				569096CD1FA5E5A1F3AB3F2B /* Pods_FlightDataRecorder.framework */,
				225553F0A644DEB31AEA48EC /* Pods_FlightDataRecorderTests.framework */,
				6BF7BAB23D6983C6CC4D3BDD /* Pods_FlightDataRecorderUITests.framework */,
			);
			name = Frameworks;
			sourceTree = "<group>";
		};
/* End PBXGroup section */

/* Begin PBXNativeTarget section */
		3A308DDD1F795DFC00665F71 /* FlightDataRecorder */ = {
			isa = PBXNativeTarget;
			buildConfigurationList = 3A308E091F795DFD00665F71 /* Build configuration list for PBXNativeTarget "FlightDataRecorder" */;
			buildPhases = (
				1C5F6CF36297ADB678B1707C /* [CP] Check Pods Manifest.lock */,
				3A308DDA1F795DFC00665F71 /* Sources */,
				3A308DDB1F795DFC00665F71 /* Frameworks */,
				3A308DDC1F795DFC00665F71 /* Resources */,
				048F97C33BE2DFA8B4C39530 /* [CP] Embed Pods Frameworks */,
				0D2E96332ED011414D335DBE /* [CP] Copy Pods Resources */,
			);
			buildRules = (
			);
			dependencies = (
			);
			name = FlightDataRecorder;
			productName = FlightDataRecorder;
			productReference = 3A308DDE1F795DFC00665F71 /* FlightDataRecorder.app */;
			productType = "com.apple.product-type.application";
		};
		3A308DF41F795DFD00665F71 /* FlightDataRecorderTests */ = {
			isa = PBXNativeTarget;
			buildConfigurationList = 3A308E0C1F795DFD00665F71 /* Build configuration list for PBXNativeTarget "FlightDataRecorderTests" */;
			buildPhases = (
				F3F33D5A526199CAB4B77769 /* [CP] Check Pods Manifest.lock */,
				3A308DF11F795DFD00665F71 /* Sources */,
				3A308DF21F795DFD00665F71 /* Frameworks */,
				3A308DF31F795DFD00665F71 /* Resources */,
				BDFD0C6F148C56E458E96323 /* [CP] Embed Pods Frameworks */,
				14435A1F6EC44DF954D627C3 /* [CP] Copy Pods Resources */,
			);
			buildRules = (
			);
			dependencies = (
				3A308DF71F795DFD00665F71 /* PBXTargetDependency */,
			);
			name = FlightDataRecorderTests;
			productName = FlightDataRecorderTests;
			productReference = 3A308DF51F795DFD00665F71 /* FlightDataRecorderTests.xctest */;
			productType = "com.apple.product-type.bundle.unit-test";
		};
		3A308DFF1F795DFD00665F71 /* FlightDataRecorderUITests */ = {
			isa = PBXNativeTarget;
			buildConfigurationList = 3A308E0F1F795DFD00665F71 /* Build configuration list for PBXNativeTarget "FlightDataRecorderUITests" */;
			buildPhases = (
				CBBA73F7FFA225D6CCDAD83E /* [CP] Check Pods Manifest.lock */,
				3A308DFC1F795DFD00665F71 /* Sources */,
				3A308DFD1F795DFD00665F71 /* Frameworks */,
				3A308DFE1F795DFD00665F71 /* Resources */,
				82F479D4DADE7FADB4EB6F17 /* [CP] Embed Pods Frameworks */,
				9C5E551B73C63E89BB1433A6 /* [CP] Copy Pods Resources */,
			);
			buildRules = (
			);
			dependencies = (
				3A308E021F795DFD00665F71 /* PBXTargetDependency */,
			);
			name = FlightDataRecorderUITests;
			productName = FlightDataRecorderUITests;
			productReference = 3A308E001F795DFD00665F71 /* FlightDataRecorderUITests.xctest */;
			productType = "com.apple.product-type.bundle.ui-testing";
		};
/* End PBXNativeTarget section */

/* Begin PBXProject section */
		3A308DD61F795DFC00665F71 /* Project object */ = {
			isa = PBXProject;
			attributes = {
				KnownAssetTags = (
					1,
				);
				LastSwiftUpdateCheck = 0900;
				LastUpgradeCheck = 0900;
				ORGANIZATIONNAME = "Jonne Okkonen";
				TargetAttributes = {
					3A308DDD1F795DFC00665F71 = {
						CreatedOnToolsVersion = 9.0;
						ProvisioningStyle = Automatic;
					};
					3A308DF41F795DFD00665F71 = {
						CreatedOnToolsVersion = 9.0;
						ProvisioningStyle = Automatic;
						TestTargetID = 3A308DDD1F795DFC00665F71;
					};
					3A308DFF1F795DFD00665F71 = {
						CreatedOnToolsVersion = 9.0;
						ProvisioningStyle = Automatic;
						TestTargetID = 3A308DDD1F795DFC00665F71;
					};
				};
			};
			buildConfigurationList = 3A308DD91F795DFC00665F71 /* Build configuration list for PBXProject "FlightDataRecorder" */;
			compatibilityVersion = "Xcode 8.0";
			developmentRegion = en;
			hasScannedForEncodings = 0;
			knownRegions = (
				en,
				Base,
			);
			mainGroup = 3A308DD51F795DFC00665F71;
			productRefGroup = 3A308DDF1F795DFC00665F71 /* Products */;
			projectDirPath = "";
			projectRoot = "";
			targets = (
				3A308DDD1F795DFC00665F71 /* FlightDataRecorder */,
				3A308DF41F795DFD00665F71 /* FlightDataRecorderTests */,
				3A308DFF1F795DFD00665F71 /* FlightDataRecorderUITests */,
			);
		};
/* End PBXProject section */

/* Begin PBXResourcesBuildPhase section */
		3A308DDC1F795DFC00665F71 /* Resources */ = {
			isa = PBXResourcesBuildPhase;
			buildActionMask = 2147483647;
			files = (
				3A308DEF1F795DFC00665F71 /* LaunchScreen.storyboard in Resources */,
				3AFBD0341F7ACADB009D34E8 /* Images.xcassets in Resources */,
				3A308DE71F795DFC00665F71 /* Main.storyboard in Resources */,
			);
			runOnlyForDeploymentPostprocessing = 0;
		};
		3A308DF31F795DFD00665F71 /* Resources */ = {
			isa = PBXResourcesBuildPhase;
			buildActionMask = 2147483647;
			files = (
			);
			runOnlyForDeploymentPostprocessing = 0;
		};
		3A308DFE1F795DFD00665F71 /* Resources */ = {
			isa = PBXResourcesBuildPhase;
			buildActionMask = 2147483647;
			files = (
			);
			runOnlyForDeploymentPostprocessing = 0;
		};
/* End PBXResourcesBuildPhase section */

/* Begin PBXShellScriptBuildPhase section */
		048F97C33BE2DFA8B4C39530 /* [CP] Embed Pods Frameworks */ = {
			isa = PBXShellScriptBuildPhase;
			buildActionMask = 2147483647;
			files = (
			);
			inputPaths = (
				"${SRCROOT}/Pods/Target Support Files/Pods-FlightDataRecorder/Pods-FlightDataRecorder-frameworks.sh",
				"${BUILT_PRODUCTS_DIR}/Alamofire/Alamofire.framework",
			);
			name = "[CP] Embed Pods Frameworks";
			outputPaths = (
				"${TARGET_BUILD_DIR}/${FRAMEWORKS_FOLDER_PATH}/Alamofire.framework",
			);
			runOnlyForDeploymentPostprocessing = 0;
			shellPath = /bin/sh;
			shellScript = "\"${SRCROOT}/Pods/Target Support Files/Pods-FlightDataRecorder/Pods-FlightDataRecorder-frameworks.sh\"\n";
			showEnvVarsInLog = 0;
		};
		0D2E96332ED011414D335DBE /* [CP] Copy Pods Resources */ = {
			isa = PBXShellScriptBuildPhase;
			buildActionMask = 2147483647;
			files = (
			);
			inputPaths = (
			);
			name = "[CP] Copy Pods Resources";
			outputPaths = (
			);
			runOnlyForDeploymentPostprocessing = 0;
			shellPath = /bin/sh;
			shellScript = "\"${SRCROOT}/Pods/Target Support Files/Pods-FlightDataRecorder/Pods-FlightDataRecorder-resources.sh\"\n";
			showEnvVarsInLog = 0;
		};
		14435A1F6EC44DF954D627C3 /* [CP] Copy Pods Resources */ = {
			isa = PBXShellScriptBuildPhase;
			buildActionMask = 2147483647;
			files = (
			);
			inputPaths = (
			);
			name = "[CP] Copy Pods Resources";
			outputPaths = (
			);
			runOnlyForDeploymentPostprocessing = 0;
			shellPath = /bin/sh;
			shellScript = "\"${SRCROOT}/Pods/Target Support Files/Pods-FlightDataRecorderTests/Pods-FlightDataRecorderTests-resources.sh\"\n";
			showEnvVarsInLog = 0;
		};
		1C5F6CF36297ADB678B1707C /* [CP] Check Pods Manifest.lock */ = {
			isa = PBXShellScriptBuildPhase;
			buildActionMask = 2147483647;
			files = (
			);
			inputPaths = (
				"${PODS_PODFILE_DIR_PATH}/Podfile.lock",
				"${PODS_ROOT}/Manifest.lock",
			);
			name = "[CP] Check Pods Manifest.lock";
			outputPaths = (
				"$(DERIVED_FILE_DIR)/Pods-FlightDataRecorder-checkManifestLockResult.txt",
			);
			runOnlyForDeploymentPostprocessing = 0;
			shellPath = /bin/sh;
			shellScript = "diff \"${PODS_PODFILE_DIR_PATH}/Podfile.lock\" \"${PODS_ROOT}/Manifest.lock\" > /dev/null\nif [ $? != 0 ] ; then\n    # print error to STDERR\n    echo \"error: The sandbox is not in sync with the Podfile.lock. Run 'pod install' or update your CocoaPods installation.\" >&2\n    exit 1\nfi\n# This output is used by Xcode 'outputs' to avoid re-running this script phase.\necho \"SUCCESS\" > \"${SCRIPT_OUTPUT_FILE_0}\"\n";
			showEnvVarsInLog = 0;
		};
		82F479D4DADE7FADB4EB6F17 /* [CP] Embed Pods Frameworks */ = {
			isa = PBXShellScriptBuildPhase;
			buildActionMask = 2147483647;
			files = (
			);
			inputPaths = (
			);
			name = "[CP] Embed Pods Frameworks";
			outputPaths = (
			);
			runOnlyForDeploymentPostprocessing = 0;
			shellPath = /bin/sh;
			shellScript = "\"${SRCROOT}/Pods/Target Support Files/Pods-FlightDataRecorderUITests/Pods-FlightDataRecorderUITests-frameworks.sh\"\n";
			showEnvVarsInLog = 0;
		};
		9C5E551B73C63E89BB1433A6 /* [CP] Copy Pods Resources */ = {
			isa = PBXShellScriptBuildPhase;
			buildActionMask = 2147483647;
			files = (
			);
			inputPaths = (
			);
			name = "[CP] Copy Pods Resources";
			outputPaths = (
			);
			runOnlyForDeploymentPostprocessing = 0;
			shellPath = /bin/sh;
			shellScript = "\"${SRCROOT}/Pods/Target Support Files/Pods-FlightDataRecorderUITests/Pods-FlightDataRecorderUITests-resources.sh\"\n";
			showEnvVarsInLog = 0;
		};
		BDFD0C6F148C56E458E96323 /* [CP] Embed Pods Frameworks */ = {
			isa = PBXShellScriptBuildPhase;
			buildActionMask = 2147483647;
			files = (
			);
			inputPaths = (
			);
			name = "[CP] Embed Pods Frameworks";
			outputPaths = (
			);
			runOnlyForDeploymentPostprocessing = 0;
			shellPath = /bin/sh;
			shellScript = "\"${SRCROOT}/Pods/Target Support Files/Pods-FlightDataRecorderTests/Pods-FlightDataRecorderTests-frameworks.sh\"\n";
			showEnvVarsInLog = 0;
		};
		CBBA73F7FFA225D6CCDAD83E /* [CP] Check Pods Manifest.lock */ = {
			isa = PBXShellScriptBuildPhase;
			buildActionMask = 2147483647;
			files = (
			);
			inputPaths = (
				"${PODS_PODFILE_DIR_PATH}/Podfile.lock",
				"${PODS_ROOT}/Manifest.lock",
			);
			name = "[CP] Check Pods Manifest.lock";
			outputPaths = (
				"$(DERIVED_FILE_DIR)/Pods-FlightDataRecorderUITests-checkManifestLockResult.txt",
			);
			runOnlyForDeploymentPostprocessing = 0;
			shellPath = /bin/sh;
			shellScript = "diff \"${PODS_PODFILE_DIR_PATH}/Podfile.lock\" \"${PODS_ROOT}/Manifest.lock\" > /dev/null\nif [ $? != 0 ] ; then\n    # print error to STDERR\n    echo \"error: The sandbox is not in sync with the Podfile.lock. Run 'pod install' or update your CocoaPods installation.\" >&2\n    exit 1\nfi\n# This output is used by Xcode 'outputs' to avoid re-running this script phase.\necho \"SUCCESS\" > \"${SCRIPT_OUTPUT_FILE_0}\"\n";
			showEnvVarsInLog = 0;
		};
		F3F33D5A526199CAB4B77769 /* [CP] Check Pods Manifest.lock */ = {
			isa = PBXShellScriptBuildPhase;
			buildActionMask = 2147483647;
			files = (
			);
			inputPaths = (
				"${PODS_PODFILE_DIR_PATH}/Podfile.lock",
				"${PODS_ROOT}/Manifest.lock",
			);
			name = "[CP] Check Pods Manifest.lock";
			outputPaths = (
				"$(DERIVED_FILE_DIR)/Pods-FlightDataRecorderTests-checkManifestLockResult.txt",
			);
			runOnlyForDeploymentPostprocessing = 0;
			shellPath = /bin/sh;
			shellScript = "diff \"${PODS_PODFILE_DIR_PATH}/Podfile.lock\" \"${PODS_ROOT}/Manifest.lock\" > /dev/null\nif [ $? != 0 ] ; then\n    # print error to STDERR\n    echo \"error: The sandbox is not in sync with the Podfile.lock. Run 'pod install' or update your CocoaPods installation.\" >&2\n    exit 1\nfi\n# This output is used by Xcode 'outputs' to avoid re-running this script phase.\necho \"SUCCESS\" > \"${SCRIPT_OUTPUT_FILE_0}\"\n";
			showEnvVarsInLog = 0;
		};
/* End PBXShellScriptBuildPhase section */

/* Begin PBXSourcesBuildPhase section */
		3A308DDA1F795DFC00665F71 /* Sources */ = {
			isa = PBXSourcesBuildPhase;
			buildActionMask = 2147483647;
			files = (
				3A308E131F795ECB00665F71 /* FlightDataTable.swift in Sources */,
				3A308DEA1F795DFC00665F71 /* FlightDataRecorder.xcdatamodeld in Sources */,
				3A4C40C71F966B5600CF03A8 /* KeyboardLayoutConstrain.swift in Sources */,
				3A308DE41F795DFC00665F71 /* StartView.swift in Sources */,
				3A4A16811F7ABD480002DBB4 /* FlightDetailView.swift in Sources */,
				3A308DE21F795DFC00665F71 /* AppDelegate.swift in Sources */,
				3A5DAC931F966FF1008309A5 /* AddNewFlight.swift in Sources */,
				3A22CADA1FA8DBD200E27985 /* FlightDataArray.swift in Sources */,
			);
			runOnlyForDeploymentPostprocessing = 0;
		};
		3A308DF11F795DFD00665F71 /* Sources */ = {
			isa = PBXSourcesBuildPhase;
			buildActionMask = 2147483647;
			files = (
				3A308DFA1F795DFD00665F71 /* FlightDataRecorderTests.swift in Sources */,
			);
			runOnlyForDeploymentPostprocessing = 0;
		};
		3A308DFC1F795DFD00665F71 /* Sources */ = {
			isa = PBXSourcesBuildPhase;
			buildActionMask = 2147483647;
			files = (
				3A308E051F795DFD00665F71 /* FlightDataRecorderUITests.swift in Sources */,
			);
			runOnlyForDeploymentPostprocessing = 0;
		};
/* End PBXSourcesBuildPhase section */

/* Begin PBXTargetDependency section */
		3A308DF71F795DFD00665F71 /* PBXTargetDependency */ = {
			isa = PBXTargetDependency;
			target = 3A308DDD1F795DFC00665F71 /* FlightDataRecorder */;
			targetProxy = 3A308DF61F795DFD00665F71 /* PBXContainerItemProxy */;
		};
		3A308E021F795DFD00665F71 /* PBXTargetDependency */ = {
			isa = PBXTargetDependency;
			target = 3A308DDD1F795DFC00665F71 /* FlightDataRecorder */;
			targetProxy = 3A308E011F795DFD00665F71 /* PBXContainerItemProxy */;
		};
/* End PBXTargetDependency section */

/* Begin PBXVariantGroup section */
		3A308DE51F795DFC00665F71 /* Main.storyboard */ = {
			isa = PBXVariantGroup;
			children = (
				3A308DE61F795DFC00665F71 /* Base */,
			);
			name = Main.storyboard;
			sourceTree = "<group>";
		};
		3A308DED1F795DFC00665F71 /* LaunchScreen.storyboard */ = {
			isa = PBXVariantGroup;
			children = (
				3A308DEE1F795DFC00665F71 /* Base */,
			);
			name = LaunchScreen.storyboard;
			sourceTree = "<group>";
		};
/* End PBXVariantGroup section */

/* Begin XCBuildConfiguration section */
		3A308E071F795DFD00665F71 /* Debug */ = {
			isa = XCBuildConfiguration;
			buildSettings = {
				ALWAYS_SEARCH_USER_PATHS = NO;
				CLANG_ANALYZER_NONNULL = YES;
				CLANG_ANALYZER_NUMBER_OBJECT_CONVERSION = YES_AGGRESSIVE;
				CLANG_CXX_LANGUAGE_STANDARD = "gnu++14";
				CLANG_CXX_LIBRARY = "libc++";
				CLANG_ENABLE_MODULES = YES;
				CLANG_ENABLE_OBJC_ARC = YES;
				CLANG_WARN_BLOCK_CAPTURE_AUTORELEASING = YES;
				CLANG_WARN_BOOL_CONVERSION = YES;
				CLANG_WARN_COMMA = YES;
				CLANG_WARN_CONSTANT_CONVERSION = YES;
				CLANG_WARN_DIRECT_OBJC_ISA_USAGE = YES_ERROR;
				CLANG_WARN_DOCUMENTATION_COMMENTS = YES;
				CLANG_WARN_EMPTY_BODY = YES;
				CLANG_WARN_ENUM_CONVERSION = YES;
				CLANG_WARN_INFINITE_RECURSION = YES;
				CLANG_WARN_INT_CONVERSION = YES;
				CLANG_WARN_NON_LITERAL_NULL_CONVERSION = YES;
				CLANG_WARN_OBJC_LITERAL_CONVERSION = YES;
				CLANG_WARN_OBJC_ROOT_CLASS = YES_ERROR;
				CLANG_WARN_RANGE_LOOP_ANALYSIS = YES;
				CLANG_WARN_STRICT_PROTOTYPES = YES;
				CLANG_WARN_SUSPICIOUS_MOVE = YES;
				CLANG_WARN_UNGUARDED_AVAILABILITY = YES_AGGRESSIVE;
				CLANG_WARN_UNREACHABLE_CODE = YES;
				CLANG_WARN__DUPLICATE_METHOD_MATCH = YES;
				CODE_SIGN_IDENTITY = "iPhone Developer";
				COPY_PHASE_STRIP = NO;
				DEBUG_INFORMATION_FORMAT = dwarf;
				ENABLE_STRICT_OBJC_MSGSEND = YES;
				ENABLE_TESTABILITY = YES;
				GCC_C_LANGUAGE_STANDARD = gnu11;
				GCC_DYNAMIC_NO_PIC = NO;
				GCC_NO_COMMON_BLOCKS = YES;
				GCC_OPTIMIZATION_LEVEL = 0;
				GCC_PREPROCESSOR_DEFINITIONS = (
					"DEBUG=1",
					"$(inherited)",
				);
				GCC_WARN_64_TO_32_BIT_CONVERSION = YES;
				GCC_WARN_ABOUT_RETURN_TYPE = YES_ERROR;
				GCC_WARN_UNDECLARED_SELECTOR = YES;
				GCC_WARN_UNINITIALIZED_AUTOS = YES_AGGRESSIVE;
				GCC_WARN_UNUSED_FUNCTION = YES;
				GCC_WARN_UNUSED_VARIABLE = YES;
				IPHONEOS_DEPLOYMENT_TARGET = 11.0;
				MTL_ENABLE_DEBUG_INFO = YES;
				ONLY_ACTIVE_ARCH = YES;
				SDKROOT = iphoneos;
				SWIFT_ACTIVE_COMPILATION_CONDITIONS = DEBUG;
				SWIFT_OPTIMIZATION_LEVEL = "-Onone";
			};
			name = Debug;
		};
		3A308E081F795DFD00665F71 /* Release */ = {
			isa = XCBuildConfiguration;
			buildSettings = {
				ALWAYS_SEARCH_USER_PATHS = NO;
				CLANG_ANALYZER_NONNULL = YES;
				CLANG_ANALYZER_NUMBER_OBJECT_CONVERSION = YES_AGGRESSIVE;
				CLANG_CXX_LANGUAGE_STANDARD = "gnu++14";
				CLANG_CXX_LIBRARY = "libc++";
				CLANG_ENABLE_MODULES = YES;
				CLANG_ENABLE_OBJC_ARC = YES;
				CLANG_WARN_BLOCK_CAPTURE_AUTORELEASING = YES;
				CLANG_WARN_BOOL_CONVERSION = YES;
				CLANG_WARN_COMMA = YES;
				CLANG_WARN_CONSTANT_CONVERSION = YES;
				CLANG_WARN_DIRECT_OBJC_ISA_USAGE = YES_ERROR;
				CLANG_WARN_DOCUMENTATION_COMMENTS = YES;
				CLANG_WARN_EMPTY_BODY = YES;
				CLANG_WARN_ENUM_CONVERSION = YES;
				CLANG_WARN_INFINITE_RECURSION = YES;
				CLANG_WARN_INT_CONVERSION = YES;
				CLANG_WARN_NON_LITERAL_NULL_CONVERSION = YES;
				CLANG_WARN_OBJC_LITERAL_CONVERSION = YES;
				CLANG_WARN_OBJC_ROOT_CLASS = YES_ERROR;
				CLANG_WARN_RANGE_LOOP_ANALYSIS = YES;
				CLANG_WARN_STRICT_PROTOTYPES = YES;
				CLANG_WARN_SUSPICIOUS_MOVE = YES;
				CLANG_WARN_UNGUARDED_AVAILABILITY = YES_AGGRESSIVE;
				CLANG_WARN_UNREACHABLE_CODE = YES;
				CLANG_WARN__DUPLICATE_METHOD_MATCH = YES;
				CODE_SIGN_IDENTITY = "iPhone Developer";
				COPY_PHASE_STRIP = NO;
				DEBUG_INFORMATION_FORMAT = "dwarf-with-dsym";
				ENABLE_NS_ASSERTIONS = NO;
				ENABLE_STRICT_OBJC_MSGSEND = YES;
				GCC_C_LANGUAGE_STANDARD = gnu11;
				GCC_NO_COMMON_BLOCKS = YES;
				GCC_WARN_64_TO_32_BIT_CONVERSION = YES;
				GCC_WARN_ABOUT_RETURN_TYPE = YES_ERROR;
				GCC_WARN_UNDECLARED_SELECTOR = YES;
				GCC_WARN_UNINITIALIZED_AUTOS = YES_AGGRESSIVE;
				GCC_WARN_UNUSED_FUNCTION = YES;
				GCC_WARN_UNUSED_VARIABLE = YES;
				IPHONEOS_DEPLOYMENT_TARGET = 11.0;
				MTL_ENABLE_DEBUG_INFO = NO;
				SDKROOT = iphoneos;
				SWIFT_OPTIMIZATION_LEVEL = "-Owholemodule";
				VALIDATE_PRODUCT = YES;
			};
			name = Release;
		};
		3A308E0A1F795DFD00665F71 /* Debug */ = {
			isa = XCBuildConfiguration;
			baseConfigurationReference = 3D6A83E2D37CFC838CB6C83C /* Pods-FlightDataRecorder.debug.xcconfig */;
			buildSettings = {
				ASSETCATALOG_COMPILER_APPICON_NAME = AppIcon;
				CODE_SIGN_STYLE = Automatic;
				DEVELOPMENT_TEAM = DR7LW47852;
				INFOPLIST_FILE = FlightDataRecorder/Info.plist;
				IPHONEOS_DEPLOYMENT_TARGET = 11.0;
				LD_RUNPATH_SEARCH_PATHS = "$(inherited) @executable_path/Frameworks";
				PRODUCT_BUNDLE_IDENTIFIER = com.jonneokkonen.FlightDataRecorder;
				PRODUCT_NAME = "$(TARGET_NAME)";
				SWIFT_VERSION = 4.0;
				TARGETED_DEVICE_FAMILY = 1;
			};
			name = Debug;
		};
		3A308E0B1F795DFD00665F71 /* Release */ = {
			isa = XCBuildConfiguration;
			baseConfigurationReference = C0221B7F778E0CEE8FCD63C3 /* Pods-FlightDataRecorder.release.xcconfig */;
			buildSettings = {
				ASSETCATALOG_COMPILER_APPICON_NAME = AppIcon;
				CODE_SIGN_STYLE = Automatic;
				DEVELOPMENT_TEAM = DR7LW47852;
				INFOPLIST_FILE = FlightDataRecorder/Info.plist;
				IPHONEOS_DEPLOYMENT_TARGET = 11.0;
				LD_RUNPATH_SEARCH_PATHS = "$(inherited) @executable_path/Frameworks";
				PRODUCT_BUNDLE_IDENTIFIER = com.jonneokkonen.FlightDataRecorder;
				PRODUCT_NAME = "$(TARGET_NAME)";
				SWIFT_VERSION = 4.0;
				TARGETED_DEVICE_FAMILY = 1;
			};
			name = Release;
		};
		3A308E0D1F795DFD00665F71 /* Debug */ = {
			isa = XCBuildConfiguration;
			baseConfigurationReference = CA8E88AD730D83A4FAEFFFA2 /* Pods-FlightDataRecorderTests.debug.xcconfig */;
			buildSettings = {
				ALWAYS_EMBED_SWIFT_STANDARD_LIBRARIES = YES;
				BUNDLE_LOADER = "$(TEST_HOST)";
				CODE_SIGN_STYLE = Automatic;
				DEVELOPMENT_TEAM = DR7LW47852;
				INFOPLIST_FILE = FlightDataRecorderTests/Info.plist;
				LD_RUNPATH_SEARCH_PATHS = "$(inherited) @executable_path/Frameworks @loader_path/Frameworks";
				PRODUCT_BUNDLE_IDENTIFIER = com.jonneokkonen.FlightDataRecorderTests;
				PRODUCT_NAME = "$(TARGET_NAME)";
				SWIFT_VERSION = 4.0;
				TARGETED_DEVICE_FAMILY = "1,2";
				TEST_HOST = "$(BUILT_PRODUCTS_DIR)/FlightDataRecorder.app/FlightDataRecorder";
			};
			name = Debug;
		};
		3A308E0E1F795DFD00665F71 /* Release */ = {
			isa = XCBuildConfiguration;
			baseConfigurationReference = CD8D3951298EC2179B7F4F12 /* Pods-FlightDataRecorderTests.release.xcconfig */;
			buildSettings = {
				ALWAYS_EMBED_SWIFT_STANDARD_LIBRARIES = YES;
				BUNDLE_LOADER = "$(TEST_HOST)";
				CODE_SIGN_STYLE = Automatic;
				DEVELOPMENT_TEAM = DR7LW47852;
				INFOPLIST_FILE = FlightDataRecorderTests/Info.plist;
				LD_RUNPATH_SEARCH_PATHS = "$(inherited) @executable_path/Frameworks @loader_path/Frameworks";
				PRODUCT_BUNDLE_IDENTIFIER = com.jonneokkonen.FlightDataRecorderTests;
				PRODUCT_NAME = "$(TARGET_NAME)";
				SWIFT_VERSION = 4.0;
				TARGETED_DEVICE_FAMILY = "1,2";
				TEST_HOST = "$(BUILT_PRODUCTS_DIR)/FlightDataRecorder.app/FlightDataRecorder";
			};
			name = Release;
		};
		3A308E101F795DFD00665F71 /* Debug */ = {
			isa = XCBuildConfiguration;
			baseConfigurationReference = 85DF6E1A3A0D8FB74F983705 /* Pods-FlightDataRecorderUITests.debug.xcconfig */;
			buildSettings = {
				ALWAYS_EMBED_SWIFT_STANDARD_LIBRARIES = YES;
				CODE_SIGN_STYLE = Automatic;
				DEVELOPMENT_TEAM = DR7LW47852;
				INFOPLIST_FILE = FlightDataRecorderUITests/Info.plist;
				LD_RUNPATH_SEARCH_PATHS = "$(inherited) @executable_path/Frameworks @loader_path/Frameworks";
				PRODUCT_BUNDLE_IDENTIFIER = com.jonneokkonen.FlightDataRecorderUITests;
				PRODUCT_NAME = "$(TARGET_NAME)";
				SWIFT_VERSION = 4.0;
				TARGETED_DEVICE_FAMILY = "1,2";
				TEST_TARGET_NAME = FlightDataRecorder;
			};
			name = Debug;
		};
		3A308E111F795DFD00665F71 /* Release */ = {
			isa = XCBuildConfiguration;
			baseConfigurationReference = 495463C38535FCC810C520FD /* Pods-FlightDataRecorderUITests.release.xcconfig */;
			buildSettings = {
				ALWAYS_EMBED_SWIFT_STANDARD_LIBRARIES = YES;
				CODE_SIGN_STYLE = Automatic;
				DEVELOPMENT_TEAM = DR7LW47852;
				INFOPLIST_FILE = FlightDataRecorderUITests/Info.plist;
				LD_RUNPATH_SEARCH_PATHS = "$(inherited) @executable_path/Frameworks @loader_path/Frameworks";
				PRODUCT_BUNDLE_IDENTIFIER = com.jonneokkonen.FlightDataRecorderUITests;
				PRODUCT_NAME = "$(TARGET_NAME)";
				SWIFT_VERSION = 4.0;
				TARGETED_DEVICE_FAMILY = "1,2";
				TEST_TARGET_NAME = FlightDataRecorder;
			};
			name = Release;
		};
/* End XCBuildConfiguration section */

/* Begin XCConfigurationList section */
		3A308DD91F795DFC00665F71 /* Build configuration list for PBXProject "FlightDataRecorder" */ = {
			isa = XCConfigurationList;
			buildConfigurations = (
				3A308E071F795DFD00665F71 /* Debug */,
				3A308E081F795DFD00665F71 /* Release */,
			);
			defaultConfigurationIsVisible = 0;
			defaultConfigurationName = Release;
		};
		3A308E091F795DFD00665F71 /* Build configuration list for PBXNativeTarget "FlightDataRecorder" */ = {
			isa = XCConfigurationList;
			buildConfigurations = (
				3A308E0A1F795DFD00665F71 /* Debug */,
				3A308E0B1F795DFD00665F71 /* Release */,
			);
			defaultConfigurationIsVisible = 0;
			defaultConfigurationName = Release;
		};
		3A308E0C1F795DFD00665F71 /* Build configuration list for PBXNativeTarget "FlightDataRecorderTests" */ = {
			isa = XCConfigurationList;
			buildConfigurations = (
				3A308E0D1F795DFD00665F71 /* Debug */,
				3A308E0E1F795DFD00665F71 /* Release */,
			);
			defaultConfigurationIsVisible = 0;
			defaultConfigurationName = Release;
		};
		3A308E0F1F795DFD00665F71 /* Build configuration list for PBXNativeTarget "FlightDataRecorderUITests" */ = {
			isa = XCConfigurationList;
			buildConfigurations = (
				3A308E101F795DFD00665F71 /* Debug */,
				3A308E111F795DFD00665F71 /* Release */,
			);
			defaultConfigurationIsVisible = 0;
			defaultConfigurationName = Release;
		};
/* End XCConfigurationList section */

/* Begin XCVersionGroup section */
		3A308DE81F795DFC00665F71 /* FlightDataRecorder.xcdatamodeld */ = {
			isa = XCVersionGroup;
			children = (
				3A308DE91F795DFC00665F71 /* FlightDataRecorder.xcdatamodel */,
			);
			currentVersion = 3A308DE91F795DFC00665F71 /* FlightDataRecorder.xcdatamodel */;
			path = FlightDataRecorder.xcdatamodeld;
			sourceTree = "<group>";
			versionGroupType = wrapper.xcdatamodel;
		};
/* End XCVersionGroup section */
	};
	rootObject = 3A308DD61F795DFC00665F71 /* Project object */;
}
